// !$*UTF8*$!
{
	archiveVersion = 1;
	classes = {
	};
	objectVersion = 50;
	objects = {

/* Begin PBXBuildFile section */
		C2E460C1237C326B001E6B09 /* AppDelegate.swift in Sources */ = {isa = PBXBuildFile; fileRef = C2E460C0237C326B001E6B09 /* AppDelegate.swift */; };
		C2E460C3237C326B001E6B09 /* SceneDelegate.swift in Sources */ = {isa = PBXBuildFile; fileRef = C2E460C2237C326B001E6B09 /* SceneDelegate.swift */; };
		C2E460C5237C326B001E6B09 /* ViewController.swift in Sources */ = {isa = PBXBuildFile; fileRef = C2E460C4237C326B001E6B09 /* ViewController.swift */; };
		C2E460C8237C326B001E6B09 /* Main.storyboard in Resources */ = {isa = PBXBuildFile; fileRef = C2E460C6237C326B001E6B09 /* Main.storyboard */; };
		C2E460CB237C326B001E6B09 /* DemoD.xcdatamodeld in Sources */ = {isa = PBXBuildFile; fileRef = C2E460C9237C326B001E6B09 /* DemoD.xcdatamodeld */; };
		C2E460CD237C326D001E6B09 /* Assets.xcassets in Resources */ = {isa = PBXBuildFile; fileRef = C2E460CC237C326D001E6B09 /* Assets.xcassets */; };
		C2E460D0237C326D001E6B09 /* LaunchScreen.storyboard in Resources */ = {isa = PBXBuildFile; fileRef = C2E460CE237C326D001E6B09 /* LaunchScreen.storyboard */; };
		C2E460DB237C326E001E6B09 /* DemoDTests.swift in Sources */ = {isa = PBXBuildFile; fileRef = C2E460DA237C326E001E6B09 /* DemoDTests.swift */; };
		C2E460E6237C326E001E6B09 /* DemoDUITests.swift in Sources */ = {isa = PBXBuildFile; fileRef = C2E460E5237C326E001E6B09 /* DemoDUITests.swift */; };
		C2E460F4237C3337001E6B09 /* FirstVc.swift in Sources */ = {isa = PBXBuildFile; fileRef = C2E460F3237C3337001E6B09 /* FirstVc.swift */; };
/* End PBXBuildFile section */

/* Begin PBXContainerItemProxy section */
		C2E460D7237C326E001E6B09 /* PBXContainerItemProxy */ = {
			isa = PBXContainerItemProxy;
			containerPortal = C2E460B5237C326B001E6B09 /* Project object */;
			proxyType = 1;
			remoteGlobalIDString = C2E460BC237C326B001E6B09;
			remoteInfo = DemoD;
		};
		C2E460E2237C326E001E6B09 /* PBXContainerItemProxy */ = {
			isa = PBXContainerItemProxy;
			containerPortal = C2E460B5237C326B001E6B09 /* Project object */;
			proxyType = 1;
			remoteGlobalIDString = C2E460BC237C326B001E6B09;
			remoteInfo = DemoD;
		};
/* End PBXContainerItemProxy section */

/* Begin PBXFileReference section */
		C2E460BD237C326B001E6B09 /* DemoD.app */ = {isa = PBXFileReference; explicitFileType = wrapper.application; includeInIndex = 0; path = DemoD.app; sourceTree = BUILT_PRODUCTS_DIR; };
		C2E460C0237C326B001E6B09 /* AppDelegate.swift */ = {isa = PBXFileReference; lastKnownFileType = sourcecode.swift; path = AppDelegate.swift; sourceTree = "<group>"; };
		C2E460C2237C326B001E6B09 /* SceneDelegate.swift */ = {isa = PBXFileReference; lastKnownFileType = sourcecode.swift; path = SceneDelegate.swift; sourceTree = "<group>"; };
		C2E460C4237C326B001E6B09 /* ViewController.swift */ = {isa = PBXFileReference; lastKnownFileType = sourcecode.swift; path = ViewController.swift; sourceTree = "<group>"; };
		C2E460C7237C326B001E6B09 /* Base */ = {isa = PBXFileReference; lastKnownFileType = file.storyboard; name = Base; path = Base.lproj/Main.storyboard; sourceTree = "<group>"; };
		C2E460CA237C326B001E6B09 /* DemoD.xcdatamodel */ = {isa = PBXFileReference; lastKnownFileType = wrapper.xcdatamodel; path = DemoD.xcdatamodel; sourceTree = "<group>"; };
		C2E460CC237C326D001E6B09 /* Assets.xcassets */ = {isa = PBXFileReference; lastKnownFileType = folder.assetcatalog; path = Assets.xcassets; sourceTree = "<group>"; };
		C2E460CF237C326D001E6B09 /* Base */ = {isa = PBXFileReference; lastKnownFileType = file.storyboard; name = Base; path = Base.lproj/LaunchScreen.storyboard; sourceTree = "<group>"; };
		C2E460D1237C326D001E6B09 /* Info.plist */ = {isa = PBXFileReference; lastKnownFileType = text.plist.xml; path = Info.plist; sourceTree = "<group>"; };
		C2E460D6237C326E001E6B09 /* DemoDTests.xctest */ = {isa = PBXFileReference; explicitFileType = wrapper.cfbundle; includeInIndex = 0; path = DemoDTests.xctest; sourceTree = BUILT_PRODUCTS_DIR; };
		C2E460DA237C326E001E6B09 /* DemoDTests.swift */ = {isa = PBXFileReference; lastKnownFileType = sourcecode.swift; path = DemoDTests.swift; sourceTree = "<group>"; };
		C2E460DC237C326E001E6B09 /* Info.plist */ = {isa = PBXFileReference; lastKnownFileType = text.plist.xml; path = Info.plist; sourceTree = "<group>"; };
		C2E460E1237C326E001E6B09 /* DemoDUITests.xctest */ = {isa = PBXFileReference; explicitFileType = wrapper.cfbundle; includeInIndex = 0; path = DemoDUITests.xctest; sourceTree = BUILT_PRODUCTS_DIR; };
		C2E460E5237C326E001E6B09 /* DemoDUITests.swift */ = {isa = PBXFileReference; lastKnownFileType = sourcecode.swift; path = DemoDUITests.swift; sourceTree = "<group>"; };
		C2E460E7237C326E001E6B09 /* Info.plist */ = {isa = PBXFileReference; lastKnownFileType = text.plist.xml; path = Info.plist; sourceTree = "<group>"; };
		C2E460F3237C3337001E6B09 /* FirstVc.swift */ = {isa = PBXFileReference; lastKnownFileType = sourcecode.swift; path = FirstVc.swift; sourceTree = "<group>"; };
/* End PBXFileReference section */

/* Begin PBXFrameworksBuildPhase section */
		C2E460BA237C326B001E6B09 /* Frameworks */ = {
			isa = PBXFrameworksBuildPhase;
			buildActionMask = 2147483647;
			files = (
			);
			runOnlyForDeploymentPostprocessing = 0;
		};
		C2E460D3237C326E001E6B09 /* Frameworks */ = {
			isa = PBXFrameworksBuildPhase;
			buildActionMask = 2147483647;
			files = (
			);
			runOnlyForDeploymentPostprocessing = 0;
		};
		C2E460DE237C326E001E6B09 /* Frameworks */ = {
			isa = PBXFrameworksBuildPhase;
			buildActionMask = 2147483647;
			files = (
			);
			runOnlyForDeploymentPostprocessing = 0;
		};
/* End PBXFrameworksBuildPhase section */

/* Begin PBXGroup section */
		C2E460B4237C326B001E6B09 = {
			isa = PBXGroup;
			children = (
				C2E460BF237C326B001E6B09 /* DemoD */,
				C2E460D9237C326E001E6B09 /* DemoDTests */,
				C2E460E4237C326E001E6B09 /* DemoDUITests */,
				C2E460BE237C326B001E6B09 /* Products */,
			);
			sourceTree = "<group>";
		};
		C2E460BE237C326B001E6B09 /* Products */ = {
			isa = PBXGroup;
			children = (
				C2E460BD237C326B001E6B09 /* DemoD.app */,
				C2E460D6237C326E001E6B09 /* DemoDTests.xctest */,
				C2E460E1237C326E001E6B09 /* DemoDUITests.xctest */,
			);
			name = Products;
			sourceTree = "<group>";
		};
		C2E460BF237C326B001E6B09 /* DemoD */ = {
			isa = PBXGroup;
			children = (
				C2E460C0237C326B001E6B09 /* AppDelegate.swift */,
				C2E460C2237C326B001E6B09 /* SceneDelegate.swift */,
				C2E460C4237C326B001E6B09 /* ViewController.swift */,
				C2E460C6237C326B001E6B09 /* Main.storyboard */,
				C2E460CC237C326D001E6B09 /* Assets.xcassets */,
				C2E460CE237C326D001E6B09 /* LaunchScreen.storyboard */,
				C2E460D1237C326D001E6B09 /* Info.plist */,
				C2E460C9237C326B001E6B09 /* DemoD.xcdatamodeld */,
				C2E460F3237C3337001E6B09 /* FirstVc.swift */,
			);
			path = DemoD;
			sourceTree = "<group>";
		};
		C2E460D9237C326E001E6B09 /* DemoDTests */ = {
			isa = PBXGroup;
			children = (
				C2E460DA237C326E001E6B09 /* DemoDTests.swift */,
				C2E460DC237C326E001E6B09 /* Info.plist */,
			);
			path = DemoDTests;
			sourceTree = "<group>";
		};
		C2E460E4237C326E001E6B09 /* DemoDUITests */ = {
			isa = PBXGroup;
			children = (
				C2E460E5237C326E001E6B09 /* DemoDUITests.swift */,
				C2E460E7237C326E001E6B09 /* Info.plist */,
			);
			path = DemoDUITests;
			sourceTree = "<group>";
		};
/* End PBXGroup section */

/* Begin PBXNativeTarget section */
		C2E460BC237C326B001E6B09 /* DemoD */ = {
			isa = PBXNativeTarget;
			buildConfigurationList = C2E460EA237C326E001E6B09 /* Build configuration list for PBXNativeTarget "DemoD" */;
			buildPhases = (
				C2E460B9237C326B001E6B09 /* Sources */,
				C2E460BA237C326B001E6B09 /* Frameworks */,
				C2E460BB237C326B001E6B09 /* Resources */,
			);
			buildRules = (
			);
			dependencies = (
			);
			name = DemoD;
			productName = DemoD;
			productReference = C2E460BD237C326B001E6B09 /* DemoD.app */;
			productType = "com.apple.product-type.application";
		};
		C2E460D5237C326E001E6B09 /* DemoDTests */ = {
			isa = PBXNativeTarget;
			buildConfigurationList = C2E460ED237C326E001E6B09 /* Build configuration list for PBXNativeTarget "DemoDTests" */;
			buildPhases = (
				C2E460D2237C326E001E6B09 /* Sources */,
				C2E460D3237C326E001E6B09 /* Frameworks */,
				C2E460D4237C326E001E6B09 /* Resources */,
			);
			buildRules = (
			);
			dependencies = (
				C2E460D8237C326E001E6B09 /* PBXTargetDependency */,
			);
			name = DemoDTests;
			productName = DemoDTests;
			productReference = C2E460D6237C326E001E6B09 /* DemoDTests.xctest */;
			productType = "com.apple.product-type.bundle.unit-test";
		};
		C2E460E0237C326E001E6B09 /* DemoDUITests */ = {
			isa = PBXNativeTarget;
			buildConfigurationList = C2E460F0237C326E001E6B09 /* Build configuration list for PBXNativeTarget "DemoDUITests" */;
			buildPhases = (
				C2E460DD237C326E001E6B09 /* Sources */,
				C2E460DE237C326E001E6B09 /* Frameworks */,
				C2E460DF237C326E001E6B09 /* Resources */,
			);
			buildRules = (
			);
			dependencies = (
				C2E460E3237C326E001E6B09 /* PBXTargetDependency */,
			);
			name = DemoDUITests;
			productName = DemoDUITests;
			productReference = C2E460E1237C326E001E6B09 /* DemoDUITests.xctest */;
			productType = "com.apple.product-type.bundle.ui-testing";
		};
/* End PBXNativeTarget section */

/* Begin PBXProject section */
		C2E460B5237C326B001E6B09 /* Project object */ = {
			isa = PBXProject;
			attributes = {
				LastSwiftUpdateCheck = 1100;
				LastUpgradeCheck = 1100;
				ORGANIZATIONNAME = Mithilesh;
				TargetAttributes = {
					C2E460BC237C326B001E6B09 = {
						CreatedOnToolsVersion = 11.0;
					};
					C2E460D5237C326E001E6B09 = {
						CreatedOnToolsVersion = 11.0;
						TestTargetID = C2E460BC237C326B001E6B09;
					};
					C2E460E0237C326E001E6B09 = {
						CreatedOnToolsVersion = 11.0;
						TestTargetID = C2E460BC237C326B001E6B09;
					};
				};
			};
			buildConfigurationList = C2E460B8237C326B001E6B09 /* Build configuration list for PBXProject "DemoD" */;
			compatibilityVersion = "Xcode 9.3";
			developmentRegion = en;
			hasScannedForEncodings = 0;
			knownRegions = (
				en,
				Base,
			);
			mainGroup = C2E460B4237C326B001E6B09;
			productRefGroup = C2E460BE237C326B001E6B09 /* Products */;
			projectDirPath = "";
			projectRoot = "";
			targets = (
				C2E460BC237C326B001E6B09 /* DemoD */,
				C2E460D5237C326E001E6B09 /* DemoDTests */,
				C2E460E0237C326E001E6B09 /* DemoDUITests */,
			);
		};
/* End PBXProject section */

/* Begin PBXResourcesBuildPhase section */
		C2E460BB237C326B001E6B09 /* Resources */ = {
			isa = PBXResourcesBuildPhase;
			buildActionMask = 2147483647;
			files = (
				C2E460D0237C326D001E6B09 /* LaunchScreen.storyboard in Resources */,
				C2E460CD237C326D001E6B09 /* Assets.xcassets in Resources */,
				C2E460C8237C326B001E6B09 /* Main.storyboard in Resources */,
			);
			runOnlyForDeploymentPostprocessing = 0;
		};
		C2E460D4237C326E001E6B09 /* Resources */ = {
			isa = PBXResourcesBuildPhase;
			buildActionMask = 2147483647;
			files = (
			);
			runOnlyForDeploymentPostprocessing = 0;
		};
		C2E460DF237C326E001E6B09 /* Resources */ = {
			isa = PBXResourcesBuildPhase;
			buildActionMask = 2147483647;
			files = (
			);
			runOnlyForDeploymentPostprocessing = 0;
		};
/* End PBXResourcesBuildPhase section */

/* Begin PBXSourcesBuildPhase section */
		C2E460B9237C326B001E6B09 /* Sources */ = {
			isa = PBXSourcesBuildPhase;
			buildActionMask = 2147483647;
			files = (
				C2E460C5237C326B001E6B09 /* ViewController.swift in Sources */,
				C2E460C1237C326B001E6B09 /* AppDelegate.swift in Sources */,
				C2E460C3237C326B001E6B09 /* SceneDelegate.swift in Sources */,
				C2E460F4237C3337001E6B09 /* FirstVc.swift in Sources */,
				C2E460CB237C326B001E6B09 /* DemoD.xcdatamodeld in Sources */,
			);
			runOnlyForDeploymentPostprocessing = 0;
		};
		C2E460D2237C326E001E6B09 /* Sources */ = {
			isa = PBXSourcesBuildPhase;
			buildActionMask = 2147483647;
			files = (
				C2E460DB237C326E001E6B09 /* DemoDTests.swift in Sources */,
			);
			runOnlyForDeploymentPostprocessing = 0;
		};
		C2E460DD237C326E001E6B09 /* Sources */ = {
			isa = PBXSourcesBuildPhase;
			buildActionMask = 2147483647;
			files = (
				C2E460E6237C326E001E6B09 /* DemoDUITests.swift in Sources */,
			);
			runOnlyForDeploymentPostprocessing = 0;
		};
/* End PBXSourcesBuildPhase section */

/* Begin PBXTargetDependency section */
		C2E460D8237C326E001E6B09 /* PBXTargetDependency */ = {
			isa = PBXTargetDependency;
			target = C2E460BC237C326B001E6B09 /* DemoD */;
			targetProxy = C2E460D7237C326E001E6B09 /* PBXContainerItemProxy */;
		};
		C2E460E3237C326E001E6B09 /* PBXTargetDependency */ = {
			isa = PBXTargetDependency;
			target = C2E460BC237C326B001E6B09 /* DemoD */;
			targetProxy = C2E460E2237C326E001E6B09 /* PBXContainerItemProxy */;
		};
/* End PBXTargetDependency section */

/* Begin PBXVariantGroup section */
		C2E460C6237C326B001E6B09 /* Main.storyboard */ = {
			isa = PBXVariantGroup;
			children = (
				C2E460C7237C326B001E6B09 /* Base */,
			);
			name = Main.storyboard;
			sourceTree = "<group>";
		};
		C2E460CE237C326D001E6B09 /* LaunchScreen.storyboard */ = {
			isa = PBXVariantGroup;
			children = (
				C2E460CF237C326D001E6B09 /* Base */,
			);
			name = LaunchScreen.storyboard;
			sourceTree = "<group>";
		};
/* End PBXVariantGroup section */

/* Begin XCBuildConfiguration section */
		C2E460E8237C326E001E6B09 /* Debug */ = {
			isa = XCBuildConfiguration;
			buildSettings = {
				ALWAYS_SEARCH_USER_PATHS = NO;
				CLANG_ANALYZER_NONNULL = YES;
				CLANG_ANALYZER_NUMBER_OBJECT_CONVERSION = YES_AGGRESSIVE;
				CLANG_CXX_LANGUAGE_STANDARD = "gnu++14";
				CLANG_CXX_LIBRARY = "libc++";
				CLANG_ENABLE_MODULES = YES;
				CLANG_ENABLE_OBJC_ARC = YES;
				CLANG_ENABLE_OBJC_WEAK = YES;
				CLANG_WARN_BLOCK_CAPTURE_AUTORELEASING = YES;
				CLANG_WARN_BOOL_CONVERSION = YES;
				CLANG_WARN_COMMA = YES;
				CLANG_WARN_CONSTANT_CONVERSION = YES;
				CLANG_WARN_DEPRECATED_OBJC_IMPLEMENTATIONS = YES;
				CLANG_WARN_DIRECT_OBJC_ISA_USAGE = YES_ERROR;
				CLANG_WARN_DOCUMENTATION_COMMENTS = YES;
				CLANG_WARN_EMPTY_BODY = YES;
				CLANG_WARN_ENUM_CONVERSION = YES;
				CLANG_WARN_INFINITE_RECURSION = YES;
				CLANG_WARN_INT_CONVERSION = YES;
				CLANG_WARN_NON_LITERAL_NULL_CONVERSION = YES;
				CLANG_WARN_OBJC_IMPLICIT_RETAIN_SELF = YES;
				CLANG_WARN_OBJC_LITERAL_CONVERSION = YES;
				CLANG_WARN_OBJC_ROOT_CLASS = YES_ERROR;
				CLANG_WARN_RANGE_LOOP_ANALYSIS = YES;
				CLANG_WARN_STRICT_PROTOTYPES = YES;
				CLANG_WARN_SUSPICIOUS_MOVE = YES;
				CLANG_WARN_UNGUARDED_AVAILABILITY = YES_AGGRESSIVE;
				CLANG_WARN_UNREACHABLE_CODE = YES;
				CLANG_WARN__DUPLICATE_METHOD_MATCH = YES;
				COPY_PHASE_STRIP = NO;
				DEBUG_INFORMATION_FORMAT = dwarf;
				ENABLE_STRICT_OBJC_MSGSEND = YES;
				ENABLE_TESTABILITY = YES;
				GCC_C_LANGUAGE_STANDARD = gnu11;
				GCC_DYNAMIC_NO_PIC = NO;
				GCC_NO_COMMON_BLOCKS = YES;
				GCC_OPTIMIZATION_LEVEL = 0;
				GCC_PREPROCESSOR_DEFINITIONS = (
					"DEBUG=1",
					"$(inherited)",
				);
				GCC_WARN_64_TO_32_BIT_CONVERSION = YES;
				GCC_WARN_ABOUT_RETURN_TYPE = YES_ERROR;
				GCC_WARN_UNDECLARED_SELECTOR = YES;
				GCC_WARN_UNINITIALIZED_AUTOS = YES_AGGRESSIVE;
				GCC_WARN_UNUSED_FUNCTION = YES;
				GCC_WARN_UNUSED_VARIABLE = YES;
				IPHONEOS_DEPLOYMENT_TARGET = 13.0;
				MTL_ENABLE_DEBUG_INFO = INCLUDE_SOURCE;
				MTL_FAST_MATH = YES;
				ONLY_ACTIVE_ARCH = YES;
				SDKROOT = iphoneos;
				SWIFT_ACTIVE_COMPILATION_CONDITIONS = DEBUG;
				SWIFT_OPTIMIZATION_LEVEL = "-Onone";
			};
			name = Debug;
		};
		C2E460E9237C326E001E6B09 /* Release */ = {
			isa = XCBuildConfiguration;
			buildSettings = {
				ALWAYS_SEARCH_USER_PATHS = NO;
				CLANG_ANALYZER_NONNULL = YES;
				CLANG_ANALYZER_NUMBER_OBJECT_CONVERSION = YES_AGGRESSIVE;
				CLANG_CXX_LANGUAGE_STANDARD = "gnu++14";
				CLANG_CXX_LIBRARY = "libc++";
				CLANG_ENABLE_MODULES = YES;
				CLANG_ENABLE_OBJC_ARC = YES;
				CLANG_ENABLE_OBJC_WEAK = YES;
				CLANG_WARN_BLOCK_CAPTURE_AUTORELEASING = YES;
				CLANG_WARN_BOOL_CONVERSION = YES;
				CLANG_WARN_COMMA = YES;
				CLANG_WARN_CONSTANT_CONVERSION = YES;
				CLANG_WARN_DEPRECATED_OBJC_IMPLEMENTATIONS = YES;
				CLANG_WARN_DIRECT_OBJC_ISA_USAGE = YES_ERROR;
				CLANG_WARN_DOCUMENTATION_COMMENTS = YES;
				CLANG_WARN_EMPTY_BODY = YES;
				CLANG_WARN_ENUM_CONVERSION = YES;
				CLANG_WARN_INFINITE_RECURSION = YES;
				CLANG_WARN_INT_CONVERSION = YES;
				CLANG_WARN_NON_LITERAL_NULL_CONVERSION = YES;
				CLANG_WARN_OBJC_IMPLICIT_RETAIN_SELF = YES;
				CLANG_WARN_OBJC_LITERAL_CONVERSION = YES;
				CLANG_WARN_OBJC_ROOT_CLASS = YES_ERROR;
				CLANG_WARN_RANGE_LOOP_ANALYSIS = YES;
				CLANG_WARN_STRICT_PROTOTYPES = YES;
				CLANG_WARN_SUSPICIOUS_MOVE = YES;
				CLANG_WARN_UNGUARDED_AVAILABILITY = YES_AGGRESSIVE;
				CLANG_WARN_UNREACHABLE_CODE = YES;
				CLANG_WARN__DUPLICATE_METHOD_MATCH = YES;
				COPY_PHASE_STRIP = NO;
				DEBUG_INFORMATION_FORMAT = "dwarf-with-dsym";
				ENABLE_NS_ASSERTIONS = NO;
				ENABLE_STRICT_OBJC_MSGSEND = YES;
				GCC_C_LANGUAGE_STANDARD = gnu11;
				GCC_NO_COMMON_BLOCKS = YES;
				GCC_WARN_64_TO_32_BIT_CONVERSION = YES;
				GCC_WARN_ABOUT_RETURN_TYPE = YES_ERROR;
				GCC_WARN_UNDECLARED_SELECTOR = YES;
				GCC_WARN_UNINITIALIZED_AUTOS = YES_AGGRESSIVE;
				GCC_WARN_UNUSED_FUNCTION = YES;
				GCC_WARN_UNUSED_VARIABLE = YES;
				IPHONEOS_DEPLOYMENT_TARGET = 13.0;
				MTL_ENABLE_DEBUG_INFO = NO;
				MTL_FAST_MATH = YES;
				SDKROOT = iphoneos;
				SWIFT_COMPILATION_MODE = wholemodule;
				SWIFT_OPTIMIZATION_LEVEL = "-O";
				VALIDATE_PRODUCT = YES;
			};
			name = Release;
		};
		C2E460EB237C326E001E6B09 /* Debug */ = {
			isa = XCBuildConfiguration;
			buildSettings = {
				ASSETCATALOG_COMPILER_APPICON_NAME = AppIcon;
				CODE_SIGN_STYLE = Automatic;
				INFOPLIST_FILE = DemoD/Info.plist;
				LD_RUNPATH_SEARCH_PATHS = (
					"$(inherited)",
					"@executable_path/Frameworks",
				);
				PRODUCT_BUNDLE_IDENTIFIER = "AppyPie-LLP.DemoD";
				PRODUCT_NAME = "$(TARGET_NAME)";
				SWIFT_VERSION = 5.0;
				TARGETED_DEVICE_FAMILY = "1,2";
			};
			name = Debug;
		};
		C2E460EC237C326E001E6B09 /* Release */ = {
			isa = XCBuildConfiguration;
			buildSettings = {
				ASSETCATALOG_COMPILER_APPICON_NAME = AppIcon;
				CODE_SIGN_STYLE = Automatic;
				INFOPLIST_FILE = DemoD/Info.plist;
				LD_RUNPATH_SEARCH_PATHS = (
					"$(inherited)",
					"@executable_path/Frameworks",
				);
				PRODUCT_BUNDLE_IDENTIFIER = "AppyPie-LLP.DemoD";
				PRODUCT_NAME = "$(TARGET_NAME)";
				SWIFT_VERSION = 5.0;
				TARGETED_DEVICE_FAMILY = "1,2";
			};
			name = Release;
		};
		C2E460EE237C326E001E6B09 /* Debug */ = {
			isa = XCBuildConfiguration;
			buildSettings = {
				ALWAYS_EMBED_SWIFT_STANDARD_LIBRARIES = YES;
				BUNDLE_LOADER = "$(TEST_HOST)";
				CODE_SIGN_STYLE = Automatic;
				INFOPLIST_FILE = DemoDTests/Info.plist;
				IPHONEOS_DEPLOYMENT_TARGET = 13.0;
				LD_RUNPATH_SEARCH_PATHS = (
					"$(inherited)",
					"@executable_path/Frameworks",
					"@loader_path/Frameworks",
				);
				PRODUCT_BUNDLE_IDENTIFIER = "AppyPie-LLP.DemoDTests";
				PRODUCT_NAME = "$(TARGET_NAME)";
				SWIFT_VERSION = 5.0;
				TARGETED_DEVICE_FAMILY = "1,2";
				TEST_HOST = "$(BUILT_PRODUCTS_DIR)/DemoD.app/DemoD";
			};
			name = Debug;
		};
		C2E460EF237C326E001E6B09 /* Release */ = {
			isa = XCBuildConfiguration;
			buildSettings = {
				ALWAYS_EMBED_SWIFT_STANDARD_LIBRARIES = YES;
				BUNDLE_LOADER = "$(TEST_HOST)";
				CODE_SIGN_STYLE = Automatic;
				INFOPLIST_FILE = DemoDTests/Info.plist;
				IPHONEOS_DEPLOYMENT_TARGET = 13.0;
				LD_RUNPATH_SEARCH_PATHS = (
					"$(inherited)",
					"@executable_path/Frameworks",
					"@loader_path/Frameworks",
				);
				PRODUCT_BUNDLE_IDENTIFIER = "AppyPie-LLP.DemoDTests";
				PRODUCT_NAME = "$(TARGET_NAME)";
				SWIFT_VERSION = 5.0;
				TARGETED_DEVICE_FAMILY = "1,2";
				TEST_HOST = "$(BUILT_PRODUCTS_DIR)/DemoD.app/DemoD";
			};
			name = Release;
		};
		C2E460F1237C326E001E6B09 /* Debug */ = {
			isa = XCBuildConfiguration;
			buildSettings = {
				ALWAYS_EMBED_SWIFT_STANDARD_LIBRARIES = YES;
				CODE_SIGN_STYLE = Automatic;
				INFOPLIST_FILE = DemoDUITests/Info.plist;
				LD_RUNPATH_SEARCH_PATHS = (
					"$(inherited)",
					"@executable_path/Frameworks",
					"@loader_path/Frameworks",
				);
				PRODUCT_BUNDLE_IDENTIFIER = "AppyPie-LLP.DemoDUITests";
				PRODUCT_NAME = "$(TARGET_NAME)";
				SWIFT_VERSION = 5.0;
				TARGETED_DEVICE_FAMILY = "1,2";
				TEST_TARGET_NAME = DemoD;
			};
			name = Debug;
		};
		C2E460F2237C326E001E6B09 /* Release */ = {
			isa = XCBuildConfiguration;
			buildSettings = {
				ALWAYS_EMBED_SWIFT_STANDARD_LIBRARIES = YES;
				CODE_SIGN_STYLE = Automatic;
				INFOPLIST_FILE = DemoDUITests/Info.plist;
				LD_RUNPATH_SEARCH_PATHS = (
					"$(inherited)",
					"@executable_path/Frameworks",
					"@loader_path/Frameworks",
				);
				PRODUCT_BUNDLE_IDENTIFIER = "AppyPie-LLP.DemoDUITests";
				PRODUCT_NAME = "$(TARGET_NAME)";
				SWIFT_VERSION = 5.0;
				TARGETED_DEVICE_FAMILY = "1,2";
				TEST_TARGET_NAME = DemoD;
			};
			name = Release;
		};
/* End XCBuildConfiguration section */

/* Begin XCConfigurationList section */
		C2E460B8237C326B001E6B09 /* Build configuration list for PBXProject "DemoD" */ = {
			isa = XCConfigurationList;
			buildConfigurations = (
				C2E460E8237C326E001E6B09 /* Debug */,
				C2E460E9237C326E001E6B09 /* Release */,
			);
			defaultConfigurationIsVisible = 0;
			defaultConfigurationName = Release;
		};
		C2E460EA237C326E001E6B09 /* Build configuration list for PBXNativeTarget "DemoD" */ = {
			isa = XCConfigurationList;
			buildConfigurations = (
				C2E460EB237C326E001E6B09 /* Debug */,
				C2E460EC237C326E001E6B09 /* Release */,
			);
			defaultConfigurationIsVisible = 0;
			defaultConfigurationName = Release;
		};
		C2E460ED237C326E001E6B09 /* Build configuration list for PBXNativeTarget "DemoDTests" */ = {
			isa = XCConfigurationList;
			buildConfigurations = (
				C2E460EE237C326E001E6B09 /* Debug */,
				C2E460EF237C326E001E6B09 /* Release */,
			);
			defaultConfigurationIsVisible = 0;
			defaultConfigurationName = Release;
		};
		C2E460F0237C326E001E6B09 /* Build configuration list for PBXNativeTarget "DemoDUITests" */ = {
			isa = XCConfigurationList;
			buildConfigurations = (
				C2E460F1237C326E001E6B09 /* Debug */,
				C2E460F2237C326E001E6B09 /* Release */,
			);
			defaultConfigurationIsVisible = 0;
			defaultConfigurationName = Release;
		};
/* End XCConfigurationList section */

/* Begin XCVersionGroup section */
		C2E460C9237C326B001E6B09 /* DemoD.xcdatamodeld */ = {
			isa = XCVersionGroup;
			children = (
				C2E460CA237C326B001E6B09 /* DemoD.xcdatamodel */,
			);
			currentVersion = C2E460CA237C326B001E6B09 /* DemoD.xcdatamodel */;
			path = DemoD.xcdatamodeld;
			sourceTree = "<group>";
			versionGroupType = wrapper.xcdatamodel;
		};
/* End XCVersionGroup section */
	};
	rootObject = C2E460B5237C326B001E6B09 /* Project object */;
}
